
Microsoft Visual Studio Solution File, Format Version 12.00
# Visual Studio Version 16
VisualStudioVersion = 16.0.29905.134
MinimumVisualStudioVersion = 10.0.40219.1
Project("{8BC9CEB8-8B4A-11D0-8D11-00A0C91BC942}") = "guix", "..\..\..\..\..\ports\win32\build\vs_2019\guix.vcxproj", "{A3336F4F-7A7B-46D3-A7F0-A2AAED6C08ED}"
EndProject
Project("{8BC9CEB8-8B4A-11D0-8D11-00A0C91BC942}") = "horizontal_list_32bpp", "horizontal_list_32bpp.vcxproj", "{DB9162A9-A08C-48C4-9056-92115D486CBB}"
EndProject
Global
	GlobalSection(SolutionConfigurationPlatforms) = preSolution
		Debug|Win32 = Debug|Win32
		Release|Win32 = Release|Win32
	EndGlobalSection
	GlobalSection(ProjectConfigurationPlatforms) = postSolution
		{A3336F4F-7A7B-46D3-A7F0-A2AAED6C08ED}.Debug|Win32.ActiveCfg = Debug|Win32
		{A3336F4F-7A7B-46D3-A7F0-A2AAED6C08ED}.Debug|Win32.Build.0 = Debug|Win32
		{A3336F4F-7A7B-46D3-A7F0-A2AAED6C08ED}.Release|Win32.ActiveCfg = Release|Win32
		{A3336F4F-7A7B-46D3-A7F0-A2AAED6C08ED}.Release|Win32.Build.0 = Release|Win32
		{DB9162A9-A08C-48C4-9056-92115D486CBB}.Debug|Win32.ActiveCfg = Debug|Win32
		{DB9162A9-A08C-48C4-9056-92115D486CBB}.Debug|Win32.Build.0 = Debug|Win32
		{DB9162A9-A08C-48C4-9056-92115D486CBB}.Release|Win32.ActiveCfg = Release|Win32
		{DB9162A9-A08C-48C4-9056-92115D486CBB}.Release|Win32.Build.0 = Release|Win32
	EndGlobalSection
	GlobalSection(SolutionProperties) = preSolution
		HideSolutionNode = FALSE
	EndGlobalSection
	GlobalSection(ExtensibilityGlobals) = postSolution
		SolutionGuid = {94953866-A606-40B1-AF61-F5E2B4654DF9}
	EndGlobalSection
EndGlobal
