
Microsoft Visual Studio Solution File, Format Version 12.00
# Visual Studio Version 16
VisualStudioVersion = 16.0.28803.352
MinimumVisualStudioVersion = 10.0.40219.1
Project("{8BC9CEB8-8B4A-11D0-8D11-00A0C91BC942}") = "guix", "..\..\..\..\..\ports\win32\build\vs_2019\guix.vcxproj", "{A3336F4F-7A7B-46D3-A7F0-A2AAED6C08ED}"
EndProject
Project("{8BC9CEB8-8B4A-11D0-8D11-00A0C91BC942}") = "multi_themes_16bpp", "multi_themes_16bpp.vcxproj", "{3413C217-9B48-44AD-A925-845D49B4AB97}"
	ProjectSection(ProjectDependencies) = postProject
		{A3336F4F-7A7B-46D3-A7F0-A2AAED6C08ED} = {A3336F4F-7A7B-46D3-A7F0-A2AAED6C08ED}
	EndProjectSection
EndProject
Global
	GlobalSection(SolutionConfigurationPlatforms) = preSolution
		debug_no_threadx|Win32 = debug_no_threadx|Win32
		Debug|Win32 = Debug|Win32
		Release|Win32 = Release|Win32
	EndGlobalSection
	GlobalSection(ProjectConfigurationPlatforms) = postSolution
		{A3336F4F-7A7B-46D3-A7F0-A2AAED6C08ED}.debug_no_threadx|Win32.ActiveCfg = Debug_GX_SYNERGY_FONT_FORMAT_SUPPORT|Win32
		{A3336F4F-7A7B-46D3-A7F0-A2AAED6C08ED}.debug_no_threadx|Win32.Build.0 = Debug_GX_SYNERGY_FONT_FORMAT_SUPPORT|Win32
		{A3336F4F-7A7B-46D3-A7F0-A2AAED6C08ED}.Debug|Win32.ActiveCfg = Debug|Win32
		{A3336F4F-7A7B-46D3-A7F0-A2AAED6C08ED}.Debug|Win32.Build.0 = Debug|Win32
		{A3336F4F-7A7B-46D3-A7F0-A2AAED6C08ED}.Release|Win32.ActiveCfg = Release|Win32
		{A3336F4F-7A7B-46D3-A7F0-A2AAED6C08ED}.Release|Win32.Build.0 = Release|Win32
		{3413C217-9B48-44AD-A925-845D49B4AB97}.debug_no_threadx|Win32.ActiveCfg = debug_no_threadx|Win32
		{3413C217-9B48-44AD-A925-845D49B4AB97}.debug_no_threadx|Win32.Build.0 = debug_no_threadx|Win32
		{3413C217-9B48-44AD-A925-845D49B4AB97}.Debug|Win32.ActiveCfg = Debug|Win32
		{3413C217-9B48-44AD-A925-845D49B4AB97}.Debug|Win32.Build.0 = Debug|Win32
		{3413C217-9B48-44AD-A925-845D49B4AB97}.Release|Win32.ActiveCfg = Release|Win32
		{3413C217-9B48-44AD-A925-845D49B4AB97}.Release|Win32.Build.0 = Release|Win32
	EndGlobalSection
	GlobalSection(SolutionProperties) = preSolution
		HideSolutionNode = FALSE
	EndGlobalSection
	GlobalSection(ExtensibilityGlobals) = postSolution
		SolutionGuid = {97AD90F8-343E-4588-9787-9753609F663E}
	EndGlobalSection
EndGlobal
