
Microsoft Visual Studio Solution File, Format Version 12.00
# Visual Studio Version 16
VisualStudioVersion = 16.0.29905.134
MinimumVisualStudioVersion = 10.0.40219.1
Project("{8BC9CEB8-8B4A-11D0-8D11-00A0C91BC942}") = "guix", "..\..\..\..\..\ports\win32\build\vs_2019\guix.vcxproj", "{A3336F4F-7A7B-46D3-A7F0-A2AAED6C08ED}"
EndProject
Project("{8BC9CEB8-8B4A-11D0-8D11-00A0C91BC942}") = "all_widgets_execute", "all_widgets_execute.vcxproj", "{A97D8771-21B1-4B52-A866-F5DABC6107C5}"
EndProject
Global
	GlobalSection(SolutionConfigurationPlatforms) = preSolution
		debug_no_threadx|Win32 = debug_no_threadx|Win32
		Debug|Win32 = Debug|Win32
		Release|Win32 = Release|Win32
	EndGlobalSection
	GlobalSection(ProjectConfigurationPlatforms) = postSolution
		{A3336F4F-7A7B-46D3-A7F0-A2AAED6C08ED}.debug_no_threadx|Win32.ActiveCfg = debug_no_threadx|Win32
		{A3336F4F-7A7B-46D3-A7F0-A2AAED6C08ED}.debug_no_threadx|Win32.Build.0 = debug_no_threadx|Win32
		{A3336F4F-7A7B-46D3-A7F0-A2AAED6C08ED}.Debug|Win32.ActiveCfg = Debug|Win32
		{A3336F4F-7A7B-46D3-A7F0-A2AAED6C08ED}.Debug|Win32.Build.0 = Debug|Win32
		{A3336F4F-7A7B-46D3-A7F0-A2AAED6C08ED}.Release|Win32.ActiveCfg = Release|Win32
		{A3336F4F-7A7B-46D3-A7F0-A2AAED6C08ED}.Release|Win32.Build.0 = Release|Win32
		{A97D8771-21B1-4B52-A866-F5DABC6107C5}.debug_no_threadx|Win32.ActiveCfg = debug_no_threadx|Win32
		{A97D8771-21B1-4B52-A866-F5DABC6107C5}.debug_no_threadx|Win32.Build.0 = debug_no_threadx|Win32
		{A97D8771-21B1-4B52-A866-F5DABC6107C5}.Debug|Win32.ActiveCfg = Debug|Win32
		{A97D8771-21B1-4B52-A866-F5DABC6107C5}.Debug|Win32.Build.0 = Debug|Win32
		{A97D8771-21B1-4B52-A866-F5DABC6107C5}.Release|Win32.ActiveCfg = Release|Win32
		{A97D8771-21B1-4B52-A866-F5DABC6107C5}.Release|Win32.Build.0 = Release|Win32
	EndGlobalSection
	GlobalSection(SolutionProperties) = preSolution
		HideSolutionNode = FALSE
	EndGlobalSection
	GlobalSection(ExtensibilityGlobals) = postSolution
		SolutionGuid = {7D6BB618-79C4-4D52-87CD-CA281F1B2B76}
	EndGlobalSection
EndGlobal
