
Microsoft Visual Studio Solution File, Format Version 12.00
# Visual Studio Version 16
VisualStudioVersion = 16.0.29905.134
MinimumVisualStudioVersion = 10.0.40219.1
Project("{8BC9CEB8-8B4A-11D0-8D11-00A0C91BC942}") = "guix", "..\..\..\..\..\ports\win32\build\vs_2019\guix.vcxproj", "{A3336F4F-7A7B-46D3-A7F0-A2AAED6C08ED}"
EndProject
Project("{8BC9CEB8-8B4A-11D0-8D11-00A0C91BC942}") = "ml_text_view_32bpp", "ml_text_view_32bpp.vcxproj", "{813592A9-8D48-43A7-940B-C042415BECCB}"
EndProject
Global
	GlobalSection(SolutionConfigurationPlatforms) = preSolution
		Debug|Win32 = Debug|Win32
		Release|Win32 = Release|Win32
	EndGlobalSection
	GlobalSection(ProjectConfigurationPlatforms) = postSolution
		{A3336F4F-7A7B-46D3-A7F0-A2AAED6C08ED}.Debug|Win32.ActiveCfg = Debug|Win32
		{A3336F4F-7A7B-46D3-A7F0-A2AAED6C08ED}.Debug|Win32.Build.0 = Debug|Win32
		{A3336F4F-7A7B-46D3-A7F0-A2AAED6C08ED}.Release|Win32.ActiveCfg = Release|Win32
		{A3336F4F-7A7B-46D3-A7F0-A2AAED6C08ED}.Release|Win32.Build.0 = Release|Win32
		{813592A9-8D48-43A7-940B-C042415BECCB}.Debug|Win32.ActiveCfg = Debug|Win32
		{813592A9-8D48-43A7-940B-C042415BECCB}.Debug|Win32.Build.0 = Debug|Win32
		{813592A9-8D48-43A7-940B-C042415BECCB}.Release|Win32.ActiveCfg = Release|Win32
		{813592A9-8D48-43A7-940B-C042415BECCB}.Release|Win32.Build.0 = Release|Win32
	EndGlobalSection
	GlobalSection(SolutionProperties) = preSolution
		HideSolutionNode = FALSE
	EndGlobalSection
	GlobalSection(ExtensibilityGlobals) = postSolution
		SolutionGuid = {395F6284-A46F-4D59-8FFD-72C94A25C0C5}
	EndGlobalSection
EndGlobal
