
Microsoft Visual Studio Solution File, Format Version 12.00
# Visual Studio Version 16
VisualStudioVersion = 16.0.29905.134
MinimumVisualStudioVersion = 10.0.40219.1
Project("{8BC9CEB8-8B4A-11D0-8D11-00A0C91BC942}") = "single_line_text_input_clip_32bpp", "single_line_text_input_clip_32bpp.vcxproj", "{3F23E369-DC9A-4175-B52D-F8767A43E3C9}"
EndProject
Project("{8BC9CEB8-8B4A-11D0-8D11-00A0C91BC942}") = "guix", "..\..\..\..\..\ports\win32\build\vs_2019\guix.vcxproj", "{A3336F4F-7A7B-46D3-A7F0-A2AAED6C08ED}"
EndProject
Global
	GlobalSection(SolutionConfigurationPlatforms) = preSolution
		Debug|Win32 = Debug|Win32
		Release|Win32 = Release|Win32
	EndGlobalSection
	GlobalSection(ProjectConfigurationPlatforms) = postSolution
		{3F23E369-DC9A-4175-B52D-F8767A43E3C9}.Debug|Win32.ActiveCfg = Debug|Win32
		{3F23E369-DC9A-4175-B52D-F8767A43E3C9}.Debug|Win32.Build.0 = Debug|Win32
		{3F23E369-DC9A-4175-B52D-F8767A43E3C9}.Release|Win32.ActiveCfg = Release|Win32
		{3F23E369-DC9A-4175-B52D-F8767A43E3C9}.Release|Win32.Build.0 = Release|Win32
		{A3336F4F-7A7B-46D3-A7F0-A2AAED6C08ED}.Debug|Win32.ActiveCfg = Debug|Win32
		{A3336F4F-7A7B-46D3-A7F0-A2AAED6C08ED}.Debug|Win32.Build.0 = Debug|Win32
		{A3336F4F-7A7B-46D3-A7F0-A2AAED6C08ED}.Release|Win32.ActiveCfg = Release|Win32
		{A3336F4F-7A7B-46D3-A7F0-A2AAED6C08ED}.Release|Win32.Build.0 = Release|Win32
	EndGlobalSection
	GlobalSection(SolutionProperties) = preSolution
		HideSolutionNode = FALSE
	EndGlobalSection
	GlobalSection(ExtensibilityGlobals) = postSolution
		SolutionGuid = {3508C94B-5C9D-4273-8FE4-778470F150F0}
	EndGlobalSection
EndGlobal
